
Microsoft Visual Studio Solution File, Format Version 12.00
# Visual Studio Version 17
VisualStudioVersion = 17.0.32014.148
MinimumVisualStudioVersion = 10.0.40219.1
Project("{9A19103F-16F7-4668-BE54-9A1E7A4F7556}") = "Akka.Hosting", "src\Akka.Hosting\Akka.Hosting.csproj", "{E945AABA-2779-41E8-9B43-8898FFD64F22}"
EndProject
Project("{9A19103F-16F7-4668-BE54-9A1E7A4F7556}") = "Akka.Hosting.Tests", "src\Akka.Hosting.Tests\Akka.Hosting.Tests.csproj", "{0F9B9BC6-9F86-40E8-BA9B-D27BF3AC7970}"
EndProject
Project("{9A19103F-16F7-4668-BE54-9A1E7A4F7556}") = "Akka.Hosting.Tests.Performance", "src\Akka.Hosting.Tests.Performance\Akka.Hosting.Tests.Performance.csproj", "{F7035FC5-8658-42AC-9317-749CC089C262}"
EndProject
Project("{9A19103F-16F7-4668-BE54-9A1E7A4F7556}") = "_build", "build\_build.csproj", "{AD88EB36-E919-4948-855E-2223B5826AA7}"
EndProject
Project("{2150E333-8FDC-42A3-9474-1A3956D46DE8}") = "Solution Items", "Solution Items", "{2B9D74C1-4148-46EF-B3FE-7357839FAF40}"
	ProjectSection(SolutionItems) = preProject
		README.md = README.md
		RELEASE_NOTES.md = RELEASE_NOTES.md
	EndProjectSection
EndProject
Project("{FAE04EC0-301F-11D3-BF4B-00C04F79EFBC}") = "Akka.Hosting.SimpleDemo", "src\Examples\Akka.Hosting.SimpleDemo\Akka.Hosting.SimpleDemo.csproj", "{5F6A7BE8-6906-46CE-BA1C-72EA11EFA33B}"
EndProject
Project("{FAE04EC0-301F-11D3-BF4B-00C04F79EFBC}") = "Akka.Remote.Hosting", "src\Akka.Remote.Hosting\Akka.Remote.Hosting.csproj", "{AB312E80-5604-44DC-85CD-DF084E5342AE}"
EndProject
Project("{FAE04EC0-301F-11D3-BF4B-00C04F79EFBC}") = "Akka.Cluster.Hosting", "src\Akka.Cluster.Hosting\Akka.Cluster.Hosting.csproj", "{24436A00-7BAC-4965-9E86-EA8D40AE6AE2}"
EndProject
Project("{FAE04EC0-301F-11D3-BF4B-00C04F79EFBC}") = "Akka.Persistence.SqlServer.Hosting", "src\Akka.Persistence.SqlServer.Hosting\Akka.Persistence.SqlServer.Hosting.csproj", "{3E1405FC-EED8-406E-BF39-D68730913492}"
EndProject
Project("{FAE04EC0-301F-11D3-BF4B-00C04F79EFBC}") = "Akka.Persistence.PostgreSql.Hosting", "src\Akka.Persistence.PostgreSql.Hosting\Akka.Persistence.PostgreSql.Hosting.csproj", "{3E1405FC-EED8-406E-BF39-D68730913490}"
EndProject
Project("{2150E333-8FDC-42A3-9474-1A3956D46DE8}") = "Examples", "Examples", "{EFA970FF-6BCC-4C38-84D8-324D40F2BF03}"
EndProject
Project("{FAE04EC0-301F-11D3-BF4B-00C04F79EFBC}") = "Akka.Hosting.SqlSharding", "src\Examples\Akka.Hosting.SqlSharding\Akka.Hosting.SqlSharding.csproj", "{2C2C2DE2-5A79-4689-9D1A-D70CCF17545B}"
EndProject
Project("{FAE04EC0-301F-11D3-BF4B-00C04F79EFBC}") = "Akka.Remote.Hosting.Tests", "src\Akka.Remote.Hosting.Tests\Akka.Remote.Hosting.Tests.csproj", "{4D748F16-AC22-4E8B-94D7-3DAF6B7CBD00}"
EndProject
Project("{FAE04EC0-301F-11D3-BF4B-00C04F79EFBC}") = "Akka.Cluster.Hosting.Tests", "src\Akka.Cluster.Hosting.Tests\Akka.Cluster.Hosting.Tests.csproj", "{EEFCC5A9-94BB-41DA-A9D3-12ACB889FE42}"
EndProject
Project("{FAE04EC0-301F-11D3-BF4B-00C04F79EFBC}") = "Akka.Persistence.Hosting", "src\Akka.Persistence.Hosting\Akka.Persistence.Hosting.csproj", "{424A63E4-2B7A-45B9-9E69-185277EBE507}"
EndProject
Project("{FAE04EC0-301F-11D3-BF4B-00C04F79EFBC}") = "Akka.Persistence.Hosting.Tests", "src\Akka.Persistence.Hosting.Tests\Akka.Persistence.Hosting.Tests.csproj", "{876DE0B6-5FA8-4F79-876E-92EF5E9E7011}"
EndProject
Global
	GlobalSection(SolutionConfigurationPlatforms) = preSolution
		Debug|Any CPU = Debug|Any CPU
		Release|Any CPU = Release|Any CPU
	EndGlobalSection
	GlobalSection(ProjectConfigurationPlatforms) = postSolution
		{E945AABA-2779-41E8-9B43-8898FFD64F22}.Debug|Any CPU.ActiveCfg = Debug|Any CPU
		{E945AABA-2779-41E8-9B43-8898FFD64F22}.Debug|Any CPU.Build.0 = Debug|Any CPU
		{E945AABA-2779-41E8-9B43-8898FFD64F22}.Release|Any CPU.ActiveCfg = Release|Any CPU
		{E945AABA-2779-41E8-9B43-8898FFD64F22}.Release|Any CPU.Build.0 = Release|Any CPU
		{0F9B9BC6-9F86-40E8-BA9B-D27BF3AC7970}.Debug|Any CPU.ActiveCfg = Debug|Any CPU
		{0F9B9BC6-9F86-40E8-BA9B-D27BF3AC7970}.Debug|Any CPU.Build.0 = Debug|Any CPU
		{0F9B9BC6-9F86-40E8-BA9B-D27BF3AC7970}.Release|Any CPU.ActiveCfg = Release|Any CPU
		{0F9B9BC6-9F86-40E8-BA9B-D27BF3AC7970}.Release|Any CPU.Build.0 = Release|Any CPU
		{F7035FC5-8658-42AC-9317-749CC089C262}.Debug|Any CPU.ActiveCfg = Debug|Any CPU
		{F7035FC5-8658-42AC-9317-749CC089C262}.Debug|Any CPU.Build.0 = Debug|Any CPU
		{F7035FC5-8658-42AC-9317-749CC089C262}.Release|Any CPU.ActiveCfg = Release|Any CPU
		{F7035FC5-8658-42AC-9317-749CC089C262}.Release|Any CPU.Build.0 = Release|Any CPU
		{AD88EB36-E919-4948-855E-2223B5826AA7}.Debug|Any CPU.ActiveCfg = Debug|Any CPU
		{AD88EB36-E919-4948-855E-2223B5826AA7}.Release|Any CPU.ActiveCfg = Release|Any CPU
		{5F6A7BE8-6906-46CE-BA1C-72EA11EFA33B}.Debug|Any CPU.ActiveCfg = Debug|Any CPU
		{5F6A7BE8-6906-46CE-BA1C-72EA11EFA33B}.Debug|Any CPU.Build.0 = Debug|Any CPU
		{5F6A7BE8-6906-46CE-BA1C-72EA11EFA33B}.Release|Any CPU.ActiveCfg = Release|Any CPU
		{5F6A7BE8-6906-46CE-BA1C-72EA11EFA33B}.Release|Any CPU.Build.0 = Release|Any CPU
		{AB312E80-5604-44DC-85CD-DF084E5342AE}.Debug|Any CPU.ActiveCfg = Debug|Any CPU
		{AB312E80-5604-44DC-85CD-DF084E5342AE}.Debug|Any CPU.Build.0 = Debug|Any CPU
		{AB312E80-5604-44DC-85CD-DF084E5342AE}.Release|Any CPU.ActiveCfg = Release|Any CPU
		{AB312E80-5604-44DC-85CD-DF084E5342AE}.Release|Any CPU.Build.0 = Release|Any CPU
		{24436A00-7BAC-4965-9E86-EA8D40AE6AE2}.Debug|Any CPU.ActiveCfg = Debug|Any CPU
		{24436A00-7BAC-4965-9E86-EA8D40AE6AE2}.Debug|Any CPU.Build.0 = Debug|Any CPU
		{24436A00-7BAC-4965-9E86-EA8D40AE6AE2}.Release|Any CPU.ActiveCfg = Release|Any CPU
		{24436A00-7BAC-4965-9E86-EA8D40AE6AE2}.Release|Any CPU.Build.0 = Release|Any CPU
		{3E1405FC-EED8-406E-BF39-D68730913492}.Debug|Any CPU.ActiveCfg = Debug|Any CPU
		{3E1405FC-EED8-406E-BF39-D68730913492}.Debug|Any CPU.Build.0 = Debug|Any CPU
		{3E1405FC-EED8-406E-BF39-D68730913492}.Release|Any CPU.ActiveCfg = Release|Any CPU
		{3E1405FC-EED8-406E-BF39-D68730913492}.Release|Any CPU.Build.0 = Release|Any CPU
		{3E1405FC-EED8-406E-BF39-D68730913490}.Debug|Any CPU.ActiveCfg = Debug|Any CPU
		{3E1405FC-EED8-406E-BF39-D68730913490}.Debug|Any CPU.Build.0 = Debug|Any CPU
		{3E1405FC-EED8-406E-BF39-D68730913490}.Release|Any CPU.ActiveCfg = Release|Any CPU
		{3E1405FC-EED8-406E-BF39-D68730913490}.Release|Any CPU.Build.0 = Release|Any CPU
		{2C2C2DE2-5A79-4689-9D1A-D70CCF17545B}.Debug|Any CPU.ActiveCfg = Debug|Any CPU
		{2C2C2DE2-5A79-4689-9D1A-D70CCF17545B}.Debug|Any CPU.Build.0 = Debug|Any CPU
		{2C2C2DE2-5A79-4689-9D1A-D70CCF17545B}.Release|Any CPU.ActiveCfg = Release|Any CPU
		{2C2C2DE2-5A79-4689-9D1A-D70CCF17545B}.Release|Any CPU.Build.0 = Release|Any CPU
		{4D748F16-AC22-4E8B-94D7-3DAF6B7CBD00}.Debug|Any CPU.ActiveCfg = Debug|Any CPU
		{4D748F16-AC22-4E8B-94D7-3DAF6B7CBD00}.Debug|Any CPU.Build.0 = Debug|Any CPU
		{4D748F16-AC22-4E8B-94D7-3DAF6B7CBD00}.Release|Any CPU.ActiveCfg = Release|Any CPU
		{4D748F16-AC22-4E8B-94D7-3DAF6B7CBD00}.Release|Any CPU.Build.0 = Release|Any CPU
		{EEFCC5A9-94BB-41DA-A9D3-12ACB889FE42}.Debug|Any CPU.ActiveCfg = Debug|Any CPU
		{EEFCC5A9-94BB-41DA-A9D3-12ACB889FE42}.Debug|Any CPU.Build.0 = Debug|Any CPU
		{EEFCC5A9-94BB-41DA-A9D3-12ACB889FE42}.Release|Any CPU.ActiveCfg = Release|Any CPU
		{EEFCC5A9-94BB-41DA-A9D3-12ACB889FE42}.Release|Any CPU.Build.0 = Release|Any CPU
		{424A63E4-2B7A-45B9-9E69-185277EBE507}.Debug|Any CPU.ActiveCfg = Debug|Any CPU
		{424A63E4-2B7A-45B9-9E69-185277EBE507}.Debug|Any CPU.Build.0 = Debug|Any CPU
		{424A63E4-2B7A-45B9-9E69-185277EBE507}.Release|Any CPU.ActiveCfg = Release|Any CPU
		{424A63E4-2B7A-45B9-9E69-185277EBE507}.Release|Any CPU.Build.0 = Release|Any CPU
		{876DE0B6-5FA8-4F79-876E-92EF5E9E7011}.Debug|Any CPU.ActiveCfg = Debug|Any CPU
		{876DE0B6-5FA8-4F79-876E-92EF5E9E7011}.Debug|Any CPU.Build.0 = Debug|Any CPU
		{876DE0B6-5FA8-4F79-876E-92EF5E9E7011}.Release|Any CPU.ActiveCfg = Release|Any CPU
		{876DE0B6-5FA8-4F79-876E-92EF5E9E7011}.Release|Any CPU.Build.0 = Release|Any CPU
	EndGlobalSection
	GlobalSection(SolutionProperties) = preSolution
		HideSolutionNode = FALSE
	EndGlobalSection
	GlobalSection(ExtensibilityGlobals) = postSolution
		SolutionGuid = {B99E6BB8-642A-4A68-86DF-69567CBA700A}
	EndGlobalSection
	GlobalSection(NestedProjects) = preSolution
		{5F6A7BE8-6906-46CE-BA1C-72EA11EFA33B} = {EFA970FF-6BCC-4C38-84D8-324D40F2BF03}
		{2C2C2DE2-5A79-4689-9D1A-D70CCF17545B} = {EFA970FF-6BCC-4C38-84D8-324D40F2BF03}
	EndGlobalSection
EndGlobal
