
Microsoft Visual Studio Solution File, Format Version 12.00
# Visual Studio Version 17
VisualStudioVersion = 17.5.002.0
MinimumVisualStudioVersion = 10.0.40219.1
Project("{9A19103F-16F7-4668-BE54-9A1E7A4F7556}") = "Akka.Hosting.TestKit.MSTest", "Akka.Hosting.TestKit.MSTest.csproj", "{FFCF5817-78CA-40BD-96E3-E9E074076CF5}"
EndProject
Global
	GlobalSection(SolutionConfigurationPlatforms) = preSolution
		Debug|Any CPU = Debug|Any CPU
		Release|Any CPU = Release|Any CPU
	EndGlobalSection
	GlobalSection(ProjectConfigurationPlatforms) = postSolution
		{FFCF5817-78CA-40BD-96E3-E9E074076CF5}.Debug|Any CPU.ActiveCfg = Debug|Any CPU
		{FFCF5817-78CA-40BD-96E3-E9E074076CF5}.Debug|Any CPU.Build.0 = Debug|Any CPU
		{FFCF5817-78CA-40BD-96E3-E9E074076CF5}.Release|Any CPU.ActiveCfg = Release|Any CPU
		{FFCF5817-78CA-40BD-96E3-E9E074076CF5}.Release|Any CPU.Build.0 = Release|Any CPU
	EndGlobalSection
	GlobalSection(SolutionProperties) = preSolution
		HideSolutionNode = FALSE
	EndGlobalSection
	GlobalSection(ExtensibilityGlobals) = postSolution
		SolutionGuid = {0C43C8B8-F9C2-4E9D-B45D-C2D123F7E029}
	EndGlobalSection
EndGlobal
